
Microsoft Visual Studio Solution File, Format Version 12.00
# Visual Studio 15
VisualStudioVersion = 15.0.27428.1
MinimumVisualStudioVersion = 10.0.40219.1
Project("{FAE04EC0-301F-11D3-BF4B-00C04F79EFBC}") = "LearningEnumerationTypesAndCollectionsV1.1", "LearningEnumerationTypesAndCollectionsV1.1\LearningEnumerationTypesAndCollectionsV1.1.csproj", "{04FE17CE-0062-46DA-A3C3-B761F409DF77}"
EndProject
Global
	GlobalSection(SolutionConfigurationPlatforms) = preSolution
		Debug|Any CPU = Debug|Any CPU
		Release|Any CPU = Release|Any CPU
	EndGlobalSection
	GlobalSection(ProjectConfigurationPlatforms) = postSolution
		{04FE17CE-0062-46DA-A3C3-B761F409DF77}.Debug|Any CPU.ActiveCfg = Debug|Any CPU
		{04FE17CE-0062-46DA-A3C3-B761F409DF77}.Debug|Any CPU.Build.0 = Debug|Any CPU
		{04FE17CE-0062-46DA-A3C3-B761F409DF77}.Release|Any CPU.ActiveCfg = Release|Any CPU
		{04FE17CE-0062-46DA-A3C3-B761F409DF77}.Release|Any CPU.Build.0 = Release|Any CPU
	EndGlobalSection
	GlobalSection(SolutionProperties) = preSolution
		HideSolutionNode = FALSE
	EndGlobalSection
	GlobalSection(ExtensibilityGlobals) = postSolution
		SolutionGuid = {52878522-0203-4645-A2DE-2D572B13066F}
	EndGlobalSection
EndGlobal
